// !$*UTF8*$!
{
	archiveVersion = 1;
	classes = {
	};
	objectVersion = 50;
	objects = {

/* Begin PBXBuildFile section */
		BD852FD725E76D75001D5179 /* AppDelegate.swift in Sources */ = {isa = PBXBuildFile; fileRef = BD852FD625E76D75001D5179 /* AppDelegate.swift */; };
		BD852FD925E76D75001D5179 /* SceneDelegate.swift in Sources */ = {isa = PBXBuildFile; fileRef = BD852FD825E76D75001D5179 /* SceneDelegate.swift */; };
		BD852FDB25E76D75001D5179 /* ViewController.swift in Sources */ = {isa = PBXBuildFile; fileRef = BD852FDA25E76D75001D5179 /* ViewController.swift */; };
		BD852FDE25E76D76001D5179 /* Main.storyboard in Resources */ = {isa = PBXBuildFile; fileRef = BD852FDC25E76D76001D5179 /* Main.storyboard */; };
		BD852FE025E76D78001D5179 /* Assets.xcassets in Resources */ = {isa = PBXBuildFile; fileRef = BD852FDF25E76D78001D5179 /* Assets.xcassets */; };
		BD852FE325E76D78001D5179 /* LaunchScreen.storyboard in Resources */ = {isa = PBXBuildFile; fileRef = BD852FE125E76D78001D5179 /* LaunchScreen.storyboard */; };
/* End PBXBuildFile section */

/* Begin PBXFileReference section */
		BD852FD325E76D75001D5179 /* LicenseScan.app */ = {isa = PBXFileReference; explicitFileType = wrapper.application; includeInIndex = 0; path = LicenseScan.app; sourceTree = BUILT_PRODUCTS_DIR; };
		BD852FD625E76D75001D5179 /* AppDelegate.swift */ = {isa = PBXFileReference; lastKnownFileType = sourcecode.swift; path = AppDelegate.swift; sourceTree = "<group>"; };
		BD852FD825E76D75001D5179 /* SceneDelegate.swift */ = {isa = PBXFileReference; lastKnownFileType = sourcecode.swift; path = SceneDelegate.swift; sourceTree = "<group>"; };
		BD852FDA25E76D75001D5179 /* ViewController.swift */ = {isa = PBXFileReference; lastKnownFileType = sourcecode.swift; path = ViewController.swift; sourceTree = "<group>"; };
		BD852FDD25E76D76001D5179 /* Base */ = {isa = PBXFileReference; lastKnownFileType = file.storyboard; name = Base; path = Base.lproj/Main.storyboard; sourceTree = "<group>"; };
		BD852FDF25E76D78001D5179 /* Assets.xcassets */ = {isa = PBXFileReference; lastKnownFileType = folder.assetcatalog; path = Assets.xcassets; sourceTree = "<group>"; };
		BD852FE225E76D78001D5179 /* Base */ = {isa = PBXFileReference; lastKnownFileType = file.storyboard; name = Base; path = Base.lproj/LaunchScreen.storyboard; sourceTree = "<group>"; };
		BD852FE425E76D78001D5179 /* Info.plist */ = {isa = PBXFileReference; lastKnownFileType = text.plist.xml; path = Info.plist; sourceTree = "<group>"; };
/* End PBXFileReference section */

/* Begin PBXFrameworksBuildPhase section */
		BD852FD025E76D75001D5179 /* Frameworks */ = {
			isa = PBXFrameworksBuildPhase;
			buildActionMask = 2147483647;
			files = (
			);
			runOnlyForDeploymentPostprocessing = 0;
		};
/* End PBXFrameworksBuildPhase section */

/* Begin PBXGroup section */
		BD852FCA25E76D75001D5179 = {
			isa = PBXGroup;
			children = (
				BD852FD525E76D75001D5179 /* LicenseScan */,
				BD852FD425E76D75001D5179 /* Products */,
			);
			sourceTree = "<group>";
		};
		BD852FD425E76D75001D5179 /* Products */ = {
			isa = PBXGroup;
			children = (
				BD852FD325E76D75001D5179 /* LicenseScan.app */,
			);
			name = Products;
			sourceTree = "<group>";
		};
		BD852FD525E76D75001D5179 /* LicenseScan */ = {
			isa = PBXGroup;
			children = (
				BD852FD625E76D75001D5179 /* AppDelegate.swift */,
				BD852FD825E76D75001D5179 /* SceneDelegate.swift */,
				BD852FDA25E76D75001D5179 /* ViewController.swift */,
				BD852FDC25E76D76001D5179 /* Main.storyboard */,
				BD852FDF25E76D78001D5179 /* Assets.xcassets */,
				BD852FE125E76D78001D5179 /* LaunchScreen.storyboard */,
				BD852FE425E76D78001D5179 /* Info.plist */,
			);
			path = LicenseScan;
			sourceTree = "<group>";
		};
/* End PBXGroup section */

/* Begin PBXNativeTarget section */
		BD852FD225E76D75001D5179 /* LicenseScan */ = {
			isa = PBXNativeTarget;
			buildConfigurationList = BD852FE725E76D78001D5179 /* Build configuration list for PBXNativeTarget "LicenseScan" */;
			buildPhases = (
				BD852FCF25E76D75001D5179 /* Sources */,
				BD852FD025E76D75001D5179 /* Frameworks */,
				BD852FD125E76D75001D5179 /* Resources */,
			);
			buildRules = (
			);
			dependencies = (
			);
			name = LicenseScan;
			productName = LicenseScan;
			productReference = BD852FD325E76D75001D5179 /* LicenseScan.app */;
			productType = "com.apple.product-type.application";
		};
/* End PBXNativeTarget section */

/* Begin PBXProject section */
		BD852FCB25E76D75001D5179 /* Project object */ = {
			isa = PBXProject;
			attributes = {
				LastSwiftUpdateCheck = 1130;
				LastUpgradeCheck = 1130;
				ORGANIZATIONNAME = "Manish Sharma";
				TargetAttributes = {
					BD852FD225E76D75001D5179 = {
						CreatedOnToolsVersion = 11.3;
					};
				};
			};
			buildConfigurationList = BD852FCE25E76D75001D5179 /* Build configuration list for PBXProject "LicenseScan" */;
			compatibilityVersion = "Xcode 9.3";
			developmentRegion = en;
			hasScannedForEncodings = 0;
			knownRegions = (
				en,
				Base,
			);
			mainGroup = BD852FCA25E76D75001D5179;
			productRefGroup = BD852FD425E76D75001D5179 /* Products */;
			projectDirPath = "";
			projectRoot = "";
			targets = (
				BD852FD225E76D75001D5179 /* LicenseScan */,
			);
		};
/* End PBXProject section */

/* Begin PBXResourcesBuildPhase section */
		BD852FD125E76D75001D5179 /* Resources */ = {
			isa = PBXResourcesBuildPhase;
			buildActionMask = 2147483647;
			files = (
				BD852FE325E76D78001D5179 /* LaunchScreen.storyboard in Resources */,
				BD852FE025E76D78001D5179 /* Assets.xcassets in Resources */,
				BD852FDE25E76D76001D5179 /* Main.storyboard in Resources */,
			);
			runOnlyForDeploymentPostprocessing = 0;
		};
/* End PBXResourcesBuildPhase section */

/* Begin PBXSourcesBuildPhase section */
		BD852FCF25E76D75001D5179 /* Sources */ = {
			isa = PBXSourcesBuildPhase;
			buildActionMask = 2147483647;
			files = (
				BD852FDB25E76D75001D5179 /* ViewController.swift in Sources */,
				BD852FD725E76D75001D5179 /* AppDelegate.swift in Sources */,
				BD852FD925E76D75001D5179 /* SceneDelegate.swift in Sources */,
			);
			runOnlyForDeploymentPostprocessing = 0;
		};
/* End PBXSourcesBuildPhase section */

/* Begin PBXVariantGroup section */
		BD852FDC25E76D76001D5179 /* Main.storyboard */ = {
			isa = PBXVariantGroup;
			children = (
				BD852FDD25E76D76001D5179 /* Base */,
			);
			name = Main.storyboard;
			sourceTree = "<group>";
		};
		BD852FE125E76D78001D5179 /* LaunchScreen.storyboard */ = {
			isa = PBXVariantGroup;
			children = (
				BD852FE225E76D78001D5179 /* Base */,
			);
			name = LaunchScreen.storyboard;
			sourceTree = "<group>";
		};
/* End PBXVariantGroup section */

/* Begin XCBuildConfiguration section */
		BD852FE525E76D78001D5179 /* Debug */ = {
			isa = XCBuildConfiguration;
			buildSettings = {
				ALWAYS_SEARCH_USER_PATHS = NO;
				CLANG_ANALYZER_NONNULL = YES;
				CLANG_ANALYZER_NUMBER_OBJECT_CONVERSION = YES_AGGRESSIVE;
				CLANG_CXX_LANGUAGE_STANDARD = "gnu++14";
				CLANG_CXX_LIBRARY = "libc++";
				CLANG_ENABLE_MODULES = YES;
				CLANG_ENABLE_OBJC_ARC = YES;
				CLANG_ENABLE_OBJC_WEAK = YES;
				CLANG_WARN_BLOCK_CAPTURE_AUTORELEASING = YES;
				CLANG_WARN_BOOL_CONVERSION = YES;
				CLANG_WARN_COMMA = YES;
				CLANG_WARN_CONSTANT_CONVERSION = YES;
				CLANG_WARN_DEPRECATED_OBJC_IMPLEMENTATIONS = YES;
				CLANG_WARN_DIRECT_OBJC_ISA_USAGE = YES_ERROR;
				CLANG_WARN_DOCUMENTATION_COMMENTS = YES;
				CLANG_WARN_EMPTY_BODY = YES;
				CLANG_WARN_ENUM_CONVERSION = YES;
				CLANG_WARN_INFINITE_RECURSION = YES;
				CLANG_WARN_INT_CONVERSION = YES;
				CLANG_WARN_NON_LITERAL_NULL_CONVERSION = YES;
				CLANG_WARN_OBJC_IMPLICIT_RETAIN_SELF = YES;
				CLANG_WARN_OBJC_LITERAL_CONVERSION = YES;
				CLANG_WARN_OBJC_ROOT_CLASS = YES_ERROR;
				CLANG_WARN_RANGE_LOOP_ANALYSIS = YES;
				CLANG_WARN_STRICT_PROTOTYPES = YES;
				CLANG_WARN_SUSPICIOUS_MOVE = YES;
				CLANG_WARN_UNGUARDED_AVAILABILITY = YES_AGGRESSIVE;
				CLANG_WARN_UNREACHABLE_CODE = YES;
				CLANG_WARN__DUPLICATE_METHOD_MATCH = YES;
				COPY_PHASE_STRIP = NO;
				DEBUG_INFORMATION_FORMAT = dwarf;
				ENABLE_STRICT_OBJC_MSGSEND = YES;
				ENABLE_TESTABILITY = YES;
				GCC_C_LANGUAGE_STANDARD = gnu11;
				GCC_DYNAMIC_NO_PIC = NO;
				GCC_NO_COMMON_BLOCKS = YES;
				GCC_OPTIMIZATION_LEVEL = 0;
				GCC_PREPROCESSOR_DEFINITIONS = (
					"DEBUG=1",
					"$(inherited)",
				);
				GCC_WARN_64_TO_32_BIT_CONVERSION = YES;
				GCC_WARN_ABOUT_RETURN_TYPE = YES_ERROR;
				GCC_WARN_UNDECLARED_SELECTOR = YES;
				GCC_WARN_UNINITIALIZED_AUTOS = YES_AGGRESSIVE;
				GCC_WARN_UNUSED_FUNCTION = YES;
				GCC_WARN_UNUSED_VARIABLE = YES;
				IPHONEOS_DEPLOYMENT_TARGET = 13.2;
				MTL_ENABLE_DEBUG_INFO = INCLUDE_SOURCE;
				MTL_FAST_MATH = YES;
				ONLY_ACTIVE_ARCH = YES;
				SDKROOT = iphoneos;
				SWIFT_ACTIVE_COMPILATION_CONDITIONS = DEBUG;
				SWIFT_OPTIMIZATION_LEVEL = "-Onone";
			};
			name = Debug;
		};
		BD852FE625E76D78001D5179 /* Release */ = {
			isa = XCBuildConfiguration;
			buildSettings = {
				ALWAYS_SEARCH_USER_PATHS = NO;
				CLANG_ANALYZER_NONNULL = YES;
				CLANG_ANALYZER_NUMBER_OBJECT_CONVERSION = YES_AGGRESSIVE;
				CLANG_CXX_LANGUAGE_STANDARD = "gnu++14";
				CLANG_CXX_LIBRARY = "libc++";
				CLANG_ENABLE_MODULES = YES;
				CLANG_ENABLE_OBJC_ARC = YES;
				CLANG_ENABLE_OBJC_WEAK = YES;
				CLANG_WARN_BLOCK_CAPTURE_AUTORELEASING = YES;
				CLANG_WARN_BOOL_CONVERSION = YES;
				CLANG_WARN_COMMA = YES;
				CLANG_WARN_CONSTANT_CONVERSION = YES;
				CLANG_WARN_DEPRECATED_OBJC_IMPLEMENTATIONS = YES;
				CLANG_WARN_DIRECT_OBJC_ISA_USAGE = YES_ERROR;
				CLANG_WARN_DOCUMENTATION_COMMENTS = YES;
				CLANG_WARN_EMPTY_BODY = YES;
				CLANG_WARN_ENUM_CONVERSION = YES;
				CLANG_WARN_INFINITE_RECURSION = YES;
				CLANG_WARN_INT_CONVERSION = YES;
				CLANG_WARN_NON_LITERAL_NULL_CONVERSION = YES;
				CLANG_WARN_OBJC_IMPLICIT_RETAIN_SELF = YES;
				CLANG_WARN_OBJC_LITERAL_CONVERSION = YES;
				CLANG_WARN_OBJC_ROOT_CLASS = YES_ERROR;
				CLANG_WARN_RANGE_LOOP_ANALYSIS = YES;
				CLANG_WARN_STRICT_PROTOTYPES = YES;
				CLANG_WARN_SUSPICIOUS_MOVE = YES;
				CLANG_WARN_UNGUARDED_AVAILABILITY = YES_AGGRESSIVE;
				CLANG_WARN_UNREACHABLE_CODE = YES;
				CLANG_WARN__DUPLICATE_METHOD_MATCH = YES;
				COPY_PHASE_STRIP = NO;
				DEBUG_INFORMATION_FORMAT = "dwarf-with-dsym";
				ENABLE_NS_ASSERTIONS = NO;
				ENABLE_STRICT_OBJC_MSGSEND = YES;
				GCC_C_LANGUAGE_STANDARD = gnu11;
				GCC_NO_COMMON_BLOCKS = YES;
				GCC_WARN_64_TO_32_BIT_CONVERSION = YES;
				GCC_WARN_ABOUT_RETURN_TYPE = YES_ERROR;
				GCC_WARN_UNDECLARED_SELECTOR = YES;
				GCC_WARN_UNINITIALIZED_AUTOS = YES_AGGRESSIVE;
				GCC_WARN_UNUSED_FUNCTION = YES;
				GCC_WARN_UNUSED_VARIABLE = YES;
				IPHONEOS_DEPLOYMENT_TARGET = 13.2;
				MTL_ENABLE_DEBUG_INFO = NO;
				MTL_FAST_MATH = YES;
				SDKROOT = iphoneos;
				SWIFT_COMPILATION_MODE = wholemodule;
				SWIFT_OPTIMIZATION_LEVEL = "-O";
				VALIDATE_PRODUCT = YES;
			};
			name = Release;
		};
		BD852FE825E76D78001D5179 /* Debug */ = {
			isa = XCBuildConfiguration;
			buildSettings = {
				ASSETCATALOG_COMPILER_APPICON_NAME = AppIcon;
				CODE_SIGN_STYLE = Automatic;
				INFOPLIST_FILE = LicenseScan/Info.plist;
				LD_RUNPATH_SEARCH_PATHS = (
					"$(inherited)",
					"@executable_path/Frameworks",
				);
				PRODUCT_BUNDLE_IDENTIFIER = com.manish.LicenseScan;
				PRODUCT_NAME = "$(TARGET_NAME)";
				SWIFT_VERSION = 5.0;
				TARGETED_DEVICE_FAMILY = "1,2";
			};
			name = Debug;
		};
		BD852FE925E76D78001D5179 /* Release */ = {
			isa = XCBuildConfiguration;
			buildSettings = {
				ASSETCATALOG_COMPILER_APPICON_NAME = AppIcon;
				CODE_SIGN_STYLE = Automatic;
				INFOPLIST_FILE = LicenseScan/Info.plist;
				LD_RUNPATH_SEARCH_PATHS = (
					"$(inherited)",
					"@executable_path/Frameworks",
				);
				PRODUCT_BUNDLE_IDENTIFIER = com.manish.LicenseScan;
				PRODUCT_NAME = "$(TARGET_NAME)";
				SWIFT_VERSION = 5.0;
				TARGETED_DEVICE_FAMILY = "1,2";
			};
			name = Release;
		};
/* End XCBuildConfiguration section */

/* Begin XCConfigurationList section */
		BD852FCE25E76D75001D5179 /* Build configuration list for PBXProject "LicenseScan" */ = {
			isa = XCConfigurationList;
			buildConfigurations = (
				BD852FE525E76D78001D5179 /* Debug */,
				BD852FE625E76D78001D5179 /* Release */,
			);
			defaultConfigurationIsVisible = 0;
			defaultConfigurationName = Release;
		};
		BD852FE725E76D78001D5179 /* Build configuration list for PBXNativeTarget "LicenseScan" */ = {
			isa = XCConfigurationList;
			buildConfigurations = (
				BD852FE825E76D78001D5179 /* Debug */,
				BD852FE925E76D78001D5179 /* Release */,
			);
			defaultConfigurationIsVisible = 0;
			defaultConfigurationName = Release;
		};
/* End XCConfigurationList section */
	};
	rootObject = BD852FCB25E76D75001D5179 /* Project object */;
}
